<?xml version="1.0" encoding="UTF-8"?>
<!DOCTYPE plist PUBLIC "-//Apple//DTD PLIST 1.0//EN" "http://www.apple.com/DTDs/PropertyList-1.0.dtd">
<plist version="1.0">
<dict>
	<key>archiveVersion</key>
	<string>1</string>
	<key>classes</key>
	<dict/>
	<key>objectVersion</key>
	<string>46</string>
	<key>objects</key>
	<dict>
		<key>02048724735E3D2A0E82B42D</key>
		<dict>
			<key>explicitFileType</key>
			<string>archive.ar</string>
			<key>includeInIndex</key>
			<string>0</string>
			<key>isa</key>
			<string>PBXFileReference</string>
			<key>path</key>
			<string>libPods.a</string>
			<key>sourceTree</key>
			<string>BUILT_PRODUCTS_DIR</string>
		</dict>
		<key>32B56E38D4953D021B17908E</key>
		<dict>
			<key>children</key>
			<array>
				<string>9E9858E500570470DB6AAD04</string>
				<string>5D0CD65599DBFAB5AE2D3522</string>
			</array>
			<key>isa</key>
			<string>PBXGroup</string>
			<key>name</key>
			<string>Pods</string>
			<key>sourceTree</key>
			<string>&lt;group&gt;</string>
		</dict>
		<key>5D0CD65599DBFAB5AE2D3522</key>
		<dict>
			<key>includeInIndex</key>
			<string>1</string>
			<key>isa</key>
			<string>PBXFileReference</string>
			<key>lastKnownFileType</key>
			<string>text.xcconfig</string>
			<key>name</key>
			<string>Pods.release.xcconfig</string>
			<key>path</key>
			<string>Pods/Target Support Files/Pods/Pods.release.xcconfig</string>
			<key>sourceTree</key>
			<string>&lt;group&gt;</string>
		</dict>
		<key>756CD8A2F4881BF7A08D8964</key>
		<dict>
			<key>buildActionMask</key>
			<string>2147483647</string>
			<key>files</key>
			<array/>
			<key>inputPaths</key>
			<array/>
			<key>isa</key>
			<string>PBXShellScriptBuildPhase</string>
			<key>name</key>
			<string>Copy Pods Resources</string>
			<key>outputPaths</key>
			<array/>
			<key>runOnlyForDeploymentPostprocessing</key>
			<string>0</string>
			<key>shellPath</key>
			<string>/bin/sh</string>
			<key>shellScript</key>
			<string>"${SRCROOT}/Pods/Target Support Files/Pods/Pods-resources.sh"
</string>
			<key>showEnvVarsInLog</key>
			<string>0</string>
		</dict>
		<key>8F0AA9FF1A0BA18F0083497F</key>
		<dict>
			<key>children</key>
			<array>
				<string>8F0AAA0A1A0BA18F0083497F</string>
				<string>8F0AAA241A0BA18F0083497F</string>
				<string>8F0AAA091A0BA18F0083497F</string>
				<string>32B56E38D4953D021B17908E</string>
				<string>E4434A8B42CFBC519EBEE8ED</string>
			</array>
			<key>isa</key>
			<string>PBXGroup</string>
			<key>sourceTree</key>
			<string>&lt;group&gt;</string>
		</dict>
		<key>8F0AAA001A0BA18F0083497F</key>
		<dict>
			<key>attributes</key>
			<dict>
				<key>LastUpgradeCheck</key>
				<string>0610</string>
				<key>ORGANIZATIONNAME</key>
				<string>Yifei Zhou</string>
				<key>TargetAttributes</key>
				<dict>
					<key>8F0AAA071A0BA18F0083497F</key>
					<dict>
						<key>CreatedOnToolsVersion</key>
						<string>6.1</string>
					</dict>
					<key>8F0AAA201A0BA18F0083497F</key>
					<dict>
						<key>CreatedOnToolsVersion</key>
						<string>6.1</string>
						<key>TestTargetID</key>
						<string>8F0AAA071A0BA18F0083497F</string>
					</dict>
				</dict>
			</dict>
			<key>buildConfigurationList</key>
			<string>8F0AAA031A0BA18F0083497F</string>
			<key>compatibilityVersion</key>
			<string>Xcode 3.2</string>
			<key>developmentRegion</key>
			<string>English</string>
			<key>hasScannedForEncodings</key>
			<string>0</string>
			<key>isa</key>
			<string>PBXProject</string>
			<key>knownRegions</key>
			<array>
				<string>en</string>
				<string>Base</string>
			</array>
			<key>mainGroup</key>
			<string>8F0AA9FF1A0BA18F0083497F</string>
			<key>productRefGroup</key>
			<string>8F0AAA091A0BA18F0083497F</string>
			<key>projectDirPath</key>
			<string></string>
			<key>projectReferences</key>
			<array/>
			<key>projectRoot</key>
			<string></string>
			<key>targets</key>
			<array>
				<string>8F0AAA071A0BA18F0083497F</string>
				<string>8F0AAA201A0BA18F0083497F</string>
			</array>
		</dict>
		<key>8F0AAA031A0BA18F0083497F</key>
		<dict>
			<key>buildConfigurations</key>
			<array>
				<string>8F0AAA291A0BA18F0083497F</string>
				<string>8F0AAA2A1A0BA18F0083497F</string>
			</array>
			<key>defaultConfigurationIsVisible</key>
			<string>0</string>
			<key>defaultConfigurationName</key>
			<string>Release</string>
			<key>isa</key>
			<string>XCConfigurationList</string>
		</dict>
		<key>8F0AAA041A0BA18F0083497F</key>
		<dict>
			<key>buildActionMask</key>
			<string>2147483647</string>
			<key>files</key>
			<array>
				<string>8F0AAA4D1A0BBA160083497F</string>
				<string>8F0AAA111A0BA18F0083497F</string>
				<string>8F0AAA3E1A0BAFCF0083497F</string>
				<string>8F0AAA471A0BB0CA0083497F</string>
				<string>8F0AAA411A0BAFEF0083497F</string>
				<string>8F0AAA0E1A0BA18F0083497F</string>
				<string>8F0AAA441A0BB0470083497F</string>
				<string>8F0AAA3A1A0BADC80083497F</string>
			</array>
			<key>isa</key>
			<string>PBXSourcesBuildPhase</string>
			<key>runOnlyForDeploymentPostprocessing</key>
			<string>0</string>
		</dict>
		<key>8F0AAA051A0BA18F0083497F</key>
		<dict>
			<key>buildActionMask</key>
			<string>2147483647</string>
			<key>files</key>
			<array>
				<string>CE41836FBDE3808E26FEF3EC</string>
			</array>
			<key>isa</key>
			<string>PBXFrameworksBuildPhase</string>
			<key>runOnlyForDeploymentPostprocessing</key>
			<string>0</string>
		</dict>
		<key>8F0AAA061A0BA18F0083497F</key>
		<dict>
			<key>buildActionMask</key>
			<string>2147483647</string>
			<key>files</key>
			<array>
				<string>8F0AAA171A0BA18F0083497F</string>
				<string>8F0AAA3B1A0BADC80083497F</string>
				<string>8F0AAA1C1A0BA18F0083497F</string>
				<string>8F0AAA191A0BA18F0083497F</string>
			</array>
			<key>isa</key>
			<string>PBXResourcesBuildPhase</string>
			<key>runOnlyForDeploymentPostprocessing</key>
			<string>0</string>
		</dict>
		<key>8F0AAA071A0BA18F0083497F</key>
		<dict>
			<key>buildConfigurationList</key>
			<string>8F0AAA2B1A0BA18F0083497F</string>
			<key>buildPhases</key>
			<array>
				<string>D0B2525DC19C8FF41F74C64A</string>
				<string>8F0AAA041A0BA18F0083497F</string>
				<string>8F0AAA051A0BA18F0083497F</string>
				<string>8F0AAA061A0BA18F0083497F</string>
				<string>756CD8A2F4881BF7A08D8964</string>
			</array>
			<key>buildRules</key>
			<array/>
			<key>dependencies</key>
			<array/>
			<key>isa</key>
			<string>PBXNativeTarget</string>
			<key>name</key>
			<string>HIT Pinboard</string>
			<key>productName</key>
			<string>HIT Pinboard</string>
			<key>productReference</key>
			<string>8F0AAA081A0BA18F0083497F</string>
			<key>productType</key>
			<string>com.apple.product-type.application</string>
		</dict>
		<key>8F0AAA081A0BA18F0083497F</key>
		<dict>
			<key>explicitFileType</key>
			<string>wrapper.application</string>
			<key>includeInIndex</key>
			<string>0</string>
			<key>isa</key>
			<string>PBXFileReference</string>
			<key>path</key>
			<string>HIT Pinboard.app</string>
			<key>sourceTree</key>
			<string>BUILT_PRODUCTS_DIR</string>
		</dict>
		<key>8F0AAA091A0BA18F0083497F</key>
		<dict>
			<key>children</key>
			<array>
				<string>8F0AAA081A0BA18F0083497F</string>
				<string>8F0AAA211A0BA18F0083497F</string>
			</array>
			<key>isa</key>
			<string>PBXGroup</string>
			<key>name</key>
			<string>Products</string>
			<key>sourceTree</key>
			<string>&lt;group&gt;</string>
		</dict>
		<key>8F0AAA0A1A0BA18F0083497F</key>
		<dict>
			<key>children</key>
			<array>
				<string>8F0AAA331A0BAD530083497F</string>
				<string>8F0AAA321A0BAD4C0083497F</string>
				<string>8F0AAA311A0BAD360083497F</string>
				<string>8F0AAA0F1A0BA18F0083497F</string>
				<string>8F0AAA101A0BA18F0083497F</string>
				<string>8F0AAA151A0BA18F0083497F</string>
				<string>8F0AAA181A0BA18F0083497F</string>
				<string>8F0AAA1A1A0BA18F0083497F</string>
				<string>8F0AAA0B1A0BA18F0083497F</string>
			</array>
			<key>isa</key>
			<string>PBXGroup</string>
			<key>path</key>
			<string>HIT Pinboard</string>
			<key>sourceTree</key>
			<string>&lt;group&gt;</string>
		</dict>
		<key>8F0AAA0B1A0BA18F0083497F</key>
		<dict>
			<key>children</key>
			<array>
				<string>8F0AAA0C1A0BA18F0083497F</string>
				<string>8F0AAA0D1A0BA18F0083497F</string>
			</array>
			<key>isa</key>
			<string>PBXGroup</string>
			<key>name</key>
			<string>Supporting Files</string>
			<key>sourceTree</key>
			<string>&lt;group&gt;</string>
		</dict>
		<key>8F0AAA0C1A0BA18F0083497F</key>
		<dict>
			<key>isa</key>
			<string>PBXFileReference</string>
			<key>lastKnownFileType</key>
			<string>text.plist.xml</string>
			<key>path</key>
			<string>Info.plist</string>
			<key>sourceTree</key>
			<string>&lt;group&gt;</string>
		</dict>
		<key>8F0AAA0D1A0BA18F0083497F</key>
		<dict>
			<key>isa</key>
			<string>PBXFileReference</string>
			<key>lastKnownFileType</key>
			<string>sourcecode.c.objc</string>
			<key>path</key>
			<string>main.m</string>
			<key>sourceTree</key>
			<string>&lt;group&gt;</string>
		</dict>
		<key>8F0AAA0E1A0BA18F0083497F</key>
		<dict>
			<key>fileRef</key>
			<string>8F0AAA0D1A0BA18F0083497F</string>
			<key>isa</key>
			<string>PBXBuildFile</string>
		</dict>
		<key>8F0AAA0F1A0BA18F0083497F</key>
		<dict>
			<key>isa</key>
			<string>PBXFileReference</string>
			<key>lastKnownFileType</key>
			<string>sourcecode.c.h</string>
			<key>path</key>
			<string>AppDelegate.h</string>
			<key>sourceTree</key>
			<string>&lt;group&gt;</string>
		</dict>
		<key>8F0AAA101A0BA18F0083497F</key>
		<dict>
			<key>isa</key>
			<string>PBXFileReference</string>
			<key>lastKnownFileType</key>
			<string>sourcecode.c.objc</string>
			<key>path</key>
			<string>AppDelegate.m</string>
			<key>sourceTree</key>
			<string>&lt;group&gt;</string>
		</dict>
		<key>8F0AAA111A0BA18F0083497F</key>
		<dict>
			<key>fileRef</key>
			<string>8F0AAA101A0BA18F0083497F</string>
			<key>isa</key>
			<string>PBXBuildFile</string>
		</dict>
		<key>8F0AAA151A0BA18F0083497F</key>
		<dict>
			<key>children</key>
			<array>
				<string>8F0AAA161A0BA18F0083497F</string>
			</array>
			<key>isa</key>
			<string>PBXVariantGroup</string>
			<key>name</key>
			<string>Main.storyboard</string>
			<key>sourceTree</key>
			<string>&lt;group&gt;</string>
		</dict>
		<key>8F0AAA161A0BA18F0083497F</key>
		<dict>
			<key>isa</key>
			<string>PBXFileReference</string>
			<key>lastKnownFileType</key>
			<string>file.storyboard</string>
			<key>name</key>
			<string>Base</string>
			<key>path</key>
			<string>Base.lproj/Main.storyboard</string>
			<key>sourceTree</key>
			<string>&lt;group&gt;</string>
		</dict>
		<key>8F0AAA171A0BA18F0083497F</key>
		<dict>
			<key>fileRef</key>
			<string>8F0AAA151A0BA18F0083497F</string>
			<key>isa</key>
			<string>PBXBuildFile</string>
		</dict>
		<key>8F0AAA181A0BA18F0083497F</key>
		<dict>
			<key>isa</key>
			<string>PBXFileReference</string>
			<key>lastKnownFileType</key>
			<string>folder.assetcatalog</string>
			<key>path</key>
			<string>Images.xcassets</string>
			<key>sourceTree</key>
			<string>&lt;group&gt;</string>
		</dict>
		<key>8F0AAA191A0BA18F0083497F</key>
		<dict>
			<key>fileRef</key>
			<string>8F0AAA181A0BA18F0083497F</string>
			<key>isa</key>
			<string>PBXBuildFile</string>
		</dict>
		<key>8F0AAA1A1A0BA18F0083497F</key>
		<dict>
			<key>children</key>
			<array>
				<string>8F0AAA1B1A0BA18F0083497F</string>
			</array>
			<key>isa</key>
			<string>PBXVariantGroup</string>
			<key>name</key>
			<string>LaunchScreen.xib</string>
			<key>sourceTree</key>
			<string>&lt;group&gt;</string>
		</dict>
		<key>8F0AAA1B1A0BA18F0083497F</key>
		<dict>
			<key>isa</key>
			<string>PBXFileReference</string>
			<key>lastKnownFileType</key>
			<string>file.xib</string>
			<key>name</key>
			<string>Base</string>
			<key>path</key>
			<string>Base.lproj/LaunchScreen.xib</string>
			<key>sourceTree</key>
			<string>&lt;group&gt;</string>
		</dict>
		<key>8F0AAA1C1A0BA18F0083497F</key>
		<dict>
			<key>fileRef</key>
			<string>8F0AAA1A1A0BA18F0083497F</string>
			<key>isa</key>
			<string>PBXBuildFile</string>
		</dict>
		<key>8F0AAA1D1A0BA18F0083497F</key>
		<dict>
			<key>buildActionMask</key>
			<string>2147483647</string>
			<key>files</key>
			<array>
				<string>8F0AAA281A0BA18F0083497F</string>
			</array>
			<key>isa</key>
			<string>PBXSourcesBuildPhase</string>
			<key>runOnlyForDeploymentPostprocessing</key>
			<string>0</string>
		</dict>
		<key>8F0AAA1E1A0BA18F0083497F</key>
		<dict>
			<key>buildActionMask</key>
			<string>2147483647</string>
			<key>files</key>
			<array/>
			<key>isa</key>
			<string>PBXFrameworksBuildPhase</string>
			<key>runOnlyForDeploymentPostprocessing</key>
			<string>0</string>
		</dict>
		<key>8F0AAA1F1A0BA18F0083497F</key>
		<dict>
			<key>buildActionMask</key>
			<string>2147483647</string>
			<key>files</key>
			<array/>
			<key>isa</key>
			<string>PBXResourcesBuildPhase</string>
			<key>runOnlyForDeploymentPostprocessing</key>
			<string>0</string>
		</dict>
		<key>8F0AAA201A0BA18F0083497F</key>
		<dict>
			<key>buildConfigurationList</key>
			<string>8F0AAA2E1A0BA18F0083497F</string>
			<key>buildPhases</key>
			<array>
				<string>8F0AAA1D1A0BA18F0083497F</string>
				<string>8F0AAA1E1A0BA18F0083497F</string>
				<string>8F0AAA1F1A0BA18F0083497F</string>
			</array>
			<key>buildRules</key>
			<array/>
			<key>dependencies</key>
			<array>
				<string>8F0AAA231A0BA18F0083497F</string>
			</array>
			<key>isa</key>
			<string>PBXNativeTarget</string>
			<key>name</key>
			<string>HIT PinboardTests</string>
			<key>productName</key>
			<string>HIT PinboardTests</string>
			<key>productReference</key>
			<string>8F0AAA211A0BA18F0083497F</string>
			<key>productType</key>
			<string>com.apple.product-type.bundle.unit-test</string>
		</dict>
		<key>8F0AAA211A0BA18F0083497F</key>
		<dict>
			<key>explicitFileType</key>
			<string>wrapper.cfbundle</string>
			<key>includeInIndex</key>
			<string>0</string>
			<key>isa</key>
			<string>PBXFileReference</string>
			<key>path</key>
			<string>HIT PinboardTests.xctest</string>
			<key>sourceTree</key>
			<string>BUILT_PRODUCTS_DIR</string>
		</dict>
		<key>8F0AAA221A0BA18F0083497F</key>
		<dict>
			<key>containerPortal</key>
			<string>8F0AAA001A0BA18F0083497F</string>
			<key>isa</key>
			<string>PBXContainerItemProxy</string>
			<key>proxyType</key>
			<string>1</string>
			<key>remoteGlobalIDString</key>
			<string>8F0AAA071A0BA18F0083497F</string>
			<key>remoteInfo</key>
			<string>HIT Pinboard</string>
		</dict>
		<key>8F0AAA231A0BA18F0083497F</key>
		<dict>
			<key>isa</key>
			<string>PBXTargetDependency</string>
			<key>target</key>
			<string>8F0AAA071A0BA18F0083497F</string>
			<key>targetProxy</key>
			<string>8F0AAA221A0BA18F0083497F</string>
		</dict>
		<key>8F0AAA241A0BA18F0083497F</key>
		<dict>
			<key>children</key>
			<array>
				<string>8F0AAA271A0BA18F0083497F</string>
				<string>8F0AAA251A0BA18F0083497F</string>
			</array>
			<key>isa</key>
			<string>PBXGroup</string>
			<key>path</key>
			<string>HIT PinboardTests</string>
			<key>sourceTree</key>
			<string>&lt;group&gt;</string>
		</dict>
		<key>8F0AAA251A0BA18F0083497F</key>
		<dict>
			<key>children</key>
			<array>
				<string>8F0AAA261A0BA18F0083497F</string>
			</array>
			<key>isa</key>
			<string>PBXGroup</string>
			<key>name</key>
			<string>Supporting Files</string>
			<key>sourceTree</key>
			<string>&lt;group&gt;</string>
		</dict>
		<key>8F0AAA261A0BA18F0083497F</key>
		<dict>
			<key>isa</key>
			<string>PBXFileReference</string>
			<key>lastKnownFileType</key>
			<string>text.plist.xml</string>
			<key>path</key>
			<string>Info.plist</string>
			<key>sourceTree</key>
			<string>&lt;group&gt;</string>
		</dict>
		<key>8F0AAA271A0BA18F0083497F</key>
		<dict>
			<key>isa</key>
			<string>PBXFileReference</string>
			<key>lastKnownFileType</key>
			<string>sourcecode.c.objc</string>
			<key>path</key>
			<string>HIT_PinboardTests.m</string>
			<key>sourceTree</key>
			<string>&lt;group&gt;</string>
		</dict>
		<key>8F0AAA281A0BA18F0083497F</key>
		<dict>
			<key>fileRef</key>
			<string>8F0AAA271A0BA18F0083497F</string>
			<key>isa</key>
			<string>PBXBuildFile</string>
		</dict>
		<key>8F0AAA291A0BA18F0083497F</key>
		<dict>
			<key>buildSettings</key>
			<dict>
				<key>ALWAYS_SEARCH_USER_PATHS</key>
				<string>NO</string>
				<key>CLANG_CXX_LANGUAGE_STANDARD</key>
				<string>gnu++0x</string>
				<key>CLANG_CXX_LIBRARY</key>
				<string>libc++</string>
				<key>CLANG_ENABLE_MODULES</key>
				<string>YES</string>
				<key>CLANG_ENABLE_OBJC_ARC</key>
				<string>YES</string>
				<key>CLANG_WARN_BOOL_CONVERSION</key>
				<string>YES</string>
				<key>CLANG_WARN_CONSTANT_CONVERSION</key>
				<string>YES</string>
				<key>CLANG_WARN_DIRECT_OBJC_ISA_USAGE</key>
				<string>YES_ERROR</string>
				<key>CLANG_WARN_EMPTY_BODY</key>
				<string>YES</string>
				<key>CLANG_WARN_ENUM_CONVERSION</key>
				<string>YES</string>
				<key>CLANG_WARN_INT_CONVERSION</key>
				<string>YES</string>
				<key>CLANG_WARN_OBJC_ROOT_CLASS</key>
				<string>YES_ERROR</string>
				<key>CLANG_WARN_UNREACHABLE_CODE</key>
				<string>YES</string>
				<key>CLANG_WARN__DUPLICATE_METHOD_MATCH</key>
				<string>YES</string>
				<key>CODE_SIGN_IDENTITY[sdk=iphoneos*]</key>
				<string>iPhone Developer</string>
				<key>COPY_PHASE_STRIP</key>
				<string>NO</string>
				<key>ENABLE_STRICT_OBJC_MSGSEND</key>
				<string>YES</string>
				<key>GCC_C_LANGUAGE_STANDARD</key>
				<string>gnu99</string>
				<key>GCC_DYNAMIC_NO_PIC</key>
				<string>NO</string>
				<key>GCC_OPTIMIZATION_LEVEL</key>
				<string>0</string>
				<key>GCC_PREPROCESSOR_DEFINITIONS</key>
				<array>
					<string>DEBUG=1</string>
					<string>$(inherited)</string>
				</array>
				<key>GCC_SYMBOLS_PRIVATE_EXTERN</key>
				<string>NO</string>
				<key>GCC_WARN_64_TO_32_BIT_CONVERSION</key>
				<string>YES</string>
				<key>GCC_WARN_ABOUT_RETURN_TYPE</key>
				<string>YES_ERROR</string>
				<key>GCC_WARN_UNDECLARED_SELECTOR</key>
				<string>YES</string>
				<key>GCC_WARN_UNINITIALIZED_AUTOS</key>
				<string>YES_AGGRESSIVE</string>
				<key>GCC_WARN_UNUSED_FUNCTION</key>
				<string>YES</string>
				<key>GCC_WARN_UNUSED_VARIABLE</key>
				<string>YES</string>
				<key>IPHONEOS_DEPLOYMENT_TARGET</key>
				<string>8.1</string>
				<key>MTL_ENABLE_DEBUG_INFO</key>
				<string>YES</string>
				<key>ONLY_ACTIVE_ARCH</key>
				<string>YES</string>
				<key>SDKROOT</key>
				<string>iphoneos</string>
			</dict>
			<key>isa</key>
			<string>XCBuildConfiguration</string>
			<key>name</key>
			<string>Debug</string>
		</dict>
		<key>8F0AAA2A1A0BA18F0083497F</key>
		<dict>
			<key>buildSettings</key>
			<dict>
				<key>ALWAYS_SEARCH_USER_PATHS</key>
				<string>NO</string>
				<key>CLANG_CXX_LANGUAGE_STANDARD</key>
				<string>gnu++0x</string>
				<key>CLANG_CXX_LIBRARY</key>
				<string>libc++</string>
				<key>CLANG_ENABLE_MODULES</key>
				<string>YES</string>
				<key>CLANG_ENABLE_OBJC_ARC</key>
				<string>YES</string>
				<key>CLANG_WARN_BOOL_CONVERSION</key>
				<string>YES</string>
				<key>CLANG_WARN_CONSTANT_CONVERSION</key>
				<string>YES</string>
				<key>CLANG_WARN_DIRECT_OBJC_ISA_USAGE</key>
				<string>YES_ERROR</string>
				<key>CLANG_WARN_EMPTY_BODY</key>
				<string>YES</string>
				<key>CLANG_WARN_ENUM_CONVERSION</key>
				<string>YES</string>
				<key>CLANG_WARN_INT_CONVERSION</key>
				<string>YES</string>
				<key>CLANG_WARN_OBJC_ROOT_CLASS</key>
				<string>YES_ERROR</string>
				<key>CLANG_WARN_UNREACHABLE_CODE</key>
				<string>YES</string>
				<key>CLANG_WARN__DUPLICATE_METHOD_MATCH</key>
				<string>YES</string>
				<key>CODE_SIGN_IDENTITY[sdk=iphoneos*]</key>
				<string>iPhone Developer</string>
				<key>COPY_PHASE_STRIP</key>
				<string>YES</string>
				<key>ENABLE_NS_ASSERTIONS</key>
				<string>NO</string>
				<key>ENABLE_STRICT_OBJC_MSGSEND</key>
				<string>YES</string>
				<key>GCC_C_LANGUAGE_STANDARD</key>
				<string>gnu99</string>
				<key>GCC_WARN_64_TO_32_BIT_CONVERSION</key>
				<string>YES</string>
				<key>GCC_WARN_ABOUT_RETURN_TYPE</key>
				<string>YES_ERROR</string>
				<key>GCC_WARN_UNDECLARED_SELECTOR</key>
				<string>YES</string>
				<key>GCC_WARN_UNINITIALIZED_AUTOS</key>
				<string>YES_AGGRESSIVE</string>
				<key>GCC_WARN_UNUSED_FUNCTION</key>
				<string>YES</string>
				<key>GCC_WARN_UNUSED_VARIABLE</key>
				<string>YES</string>
				<key>IPHONEOS_DEPLOYMENT_TARGET</key>
				<string>8.1</string>
				<key>MTL_ENABLE_DEBUG_INFO</key>
				<string>NO</string>
				<key>SDKROOT</key>
				<string>iphoneos</string>
				<key>VALIDATE_PRODUCT</key>
				<string>YES</string>
			</dict>
			<key>isa</key>
			<string>XCBuildConfiguration</string>
			<key>name</key>
			<string>Release</string>
		</dict>
		<key>8F0AAA2B1A0BA18F0083497F</key>
		<dict>
			<key>buildConfigurations</key>
			<array>
				<string>8F0AAA2C1A0BA18F0083497F</string>
				<string>8F0AAA2D1A0BA18F0083497F</string>
			</array>
			<key>defaultConfigurationIsVisible</key>
			<string>0</string>
			<key>defaultConfigurationName</key>
			<string>Release</string>
			<key>isa</key>
			<string>XCConfigurationList</string>
		</dict>
		<key>8F0AAA2C1A0BA18F0083497F</key>
		<dict>
			<key>baseConfigurationReference</key>
			<string>9E9858E500570470DB6AAD04</string>
			<key>buildSettings</key>
			<dict>
				<key>ASSETCATALOG_COMPILER_APPICON_NAME</key>
				<string>AppIcon</string>
				<key>INFOPLIST_FILE</key>
				<string>HIT Pinboard/Info.plist</string>
				<key>LD_RUNPATH_SEARCH_PATHS</key>
				<string>$(inherited) @executable_path/Frameworks</string>
				<key>PRODUCT_NAME</key>
				<string>$(TARGET_NAME)</string>
			</dict>
			<key>isa</key>
			<string>XCBuildConfiguration</string>
			<key>name</key>
			<string>Debug</string>
		</dict>
		<key>8F0AAA2D1A0BA18F0083497F</key>
		<dict>
			<key>baseConfigurationReference</key>
			<string>5D0CD65599DBFAB5AE2D3522</string>
			<key>buildSettings</key>
			<dict>
				<key>ASSETCATALOG_COMPILER_APPICON_NAME</key>
				<string>AppIcon</string>
				<key>INFOPLIST_FILE</key>
				<string>HIT Pinboard/Info.plist</string>
				<key>LD_RUNPATH_SEARCH_PATHS</key>
				<string>$(inherited) @executable_path/Frameworks</string>
				<key>PRODUCT_NAME</key>
				<string>$(TARGET_NAME)</string>
			</dict>
			<key>isa</key>
			<string>XCBuildConfiguration</string>
			<key>name</key>
			<string>Release</string>
		</dict>
		<key>8F0AAA2E1A0BA18F0083497F</key>
		<dict>
			<key>buildConfigurations</key>
			<array>
				<string>8F0AAA2F1A0BA18F0083497F</string>
				<string>8F0AAA301A0BA18F0083497F</string>
			</array>
			<key>defaultConfigurationIsVisible</key>
			<string>0</string>
			<key>defaultConfigurationName</key>
			<string>Release</string>
			<key>isa</key>
			<string>XCConfigurationList</string>
		</dict>
		<key>8F0AAA2F1A0BA18F0083497F</key>
		<dict>
			<key>buildSettings</key>
			<dict>
				<key>BUNDLE_LOADER</key>
				<string>$(TEST_HOST)</string>
				<key>FRAMEWORK_SEARCH_PATHS</key>
				<array>
					<string>$(SDKROOT)/Developer/Library/Frameworks</string>
					<string>$(inherited)</string>
				</array>
				<key>GCC_PREPROCESSOR_DEFINITIONS</key>
				<array>
					<string>DEBUG=1</string>
					<string>$(inherited)</string>
				</array>
				<key>INFOPLIST_FILE</key>
				<string>HIT PinboardTests/Info.plist</string>
				<key>LD_RUNPATH_SEARCH_PATHS</key>
				<string>$(inherited) @executable_path/Frameworks @loader_path/Frameworks</string>
				<key>PRODUCT_NAME</key>
				<string>$(TARGET_NAME)</string>
				<key>TEST_HOST</key>
				<string>$(BUILT_PRODUCTS_DIR)/HIT Pinboard.app/HIT Pinboard</string>
			</dict>
			<key>isa</key>
			<string>XCBuildConfiguration</string>
			<key>name</key>
			<string>Debug</string>
		</dict>
		<key>8F0AAA301A0BA18F0083497F</key>
		<dict>
			<key>buildSettings</key>
			<dict>
				<key>BUNDLE_LOADER</key>
				<string>$(TEST_HOST)</string>
				<key>FRAMEWORK_SEARCH_PATHS</key>
				<array>
					<string>$(SDKROOT)/Developer/Library/Frameworks</string>
					<string>$(inherited)</string>
				</array>
				<key>INFOPLIST_FILE</key>
				<string>HIT PinboardTests/Info.plist</string>
				<key>LD_RUNPATH_SEARCH_PATHS</key>
				<string>$(inherited) @executable_path/Frameworks @loader_path/Frameworks</string>
				<key>PRODUCT_NAME</key>
				<string>$(TARGET_NAME)</string>
				<key>TEST_HOST</key>
				<string>$(BUILT_PRODUCTS_DIR)/HIT Pinboard.app/HIT Pinboard</string>
			</dict>
			<key>isa</key>
			<string>XCBuildConfiguration</string>
			<key>name</key>
			<string>Release</string>
		</dict>
		<key>8F0AAA311A0BAD360083497F</key>
		<dict>
			<key>children</key>
			<array>
				<string>8F0AAA421A0BB0470083497F</string>
				<string>8F0AAA431A0BB0470083497F</string>
				<string>8F0AAA451A0BB0CA0083497F</string>
				<string>8F0AAA461A0BB0CA0083497F</string>
				<string>8F0AAA4B1A0BBA160083497F</string>
				<string>8F0AAA4C1A0BBA160083497F</string>
				<string>8F0AAA4E1A0BBC2A0083497F</string>
			</array>
			<key>isa</key>
			<string>PBXGroup</string>
			<key>name</key>
			<string>Models</string>
			<key>sourceTree</key>
			<string>&lt;group&gt;</string>
		</dict>
		<key>8F0AAA321A0BAD4C0083497F</key>
		<dict>
			<key>children</key>
			<array>
				<string>8F0AAA391A0BADC80083497F</string>
			</array>
			<key>isa</key>
			<string>PBXGroup</string>
			<key>name</key>
			<string>Views</string>
			<key>sourceTree</key>
			<string>&lt;group&gt;</string>
		</dict>
		<key>8F0AAA331A0BAD530083497F</key>
		<dict>
			<key>children</key>
			<array>
				<string>8F0AAA371A0BADC80083497F</string>
				<string>8F0AAA381A0BADC80083497F</string>
				<string>8F0AAA3C1A0BAFCF0083497F</string>
				<string>8F0AAA3D1A0BAFCF0083497F</string>
				<string>8F0AAA3F1A0BAFEF0083497F</string>
				<string>8F0AAA401A0BAFEF0083497F</string>
			</array>
			<key>isa</key>
			<string>PBXGroup</string>
			<key>name</key>
			<string>Controllers</string>
			<key>sourceTree</key>
			<string>&lt;group&gt;</string>
		</dict>
		<key>8F0AAA371A0BADC80083497F</key>
		<dict>
			<key>fileEncoding</key>
			<string>4</string>
			<key>isa</key>
			<string>PBXFileReference</string>
			<key>lastKnownFileType</key>
			<string>sourcecode.c.h</string>
			<key>name</key>
			<string>PBTableViewCell.h</string>
			<key>path</key>
			<string>Controllers/PBTableViewCell.h</string>
			<key>sourceTree</key>
			<string>&lt;group&gt;</string>
		</dict>
		<key>8F0AAA381A0BADC80083497F</key>
		<dict>
			<key>fileEncoding</key>
			<string>4</string>
			<key>isa</key>
			<string>PBXFileReference</string>
			<key>lastKnownFileType</key>
			<string>sourcecode.c.objc</string>
			<key>name</key>
			<string>PBTableViewCell.m</string>
			<key>path</key>
			<string>Controllers/PBTableViewCell.m</string>
			<key>sourceTree</key>
			<string>&lt;group&gt;</string>
		</dict>
		<key>8F0AAA391A0BADC80083497F</key>
		<dict>
			<key>fileEncoding</key>
			<string>4</string>
			<key>isa</key>
			<string>PBXFileReference</string>
			<key>lastKnownFileType</key>
			<string>file.xib</string>
			<key>name</key>
			<string>PBTableViewCell.xib</string>
			<key>path</key>
			<string>Controllers/PBTableViewCell.xib</string>
			<key>sourceTree</key>
			<string>&lt;group&gt;</string>
		</dict>
		<key>8F0AAA3A1A0BADC80083497F</key>
		<dict>
			<key>fileRef</key>
			<string>8F0AAA381A0BADC80083497F</string>
			<key>isa</key>
			<string>PBXBuildFile</string>
		</dict>
		<key>8F0AAA3B1A0BADC80083497F</key>
		<dict>
			<key>fileRef</key>
			<string>8F0AAA391A0BADC80083497F</string>
			<key>isa</key>
			<string>PBXBuildFile</string>
		</dict>
		<key>8F0AAA3C1A0BAFCF0083497F</key>
		<dict>
			<key>fileEncoding</key>
			<string>4</string>
			<key>isa</key>
			<string>PBXFileReference</string>
			<key>lastKnownFileType</key>
			<string>sourcecode.c.h</string>
			<key>name</key>
			<string>PBFeatureViewController.h</string>
			<key>path</key>
			<string>Controllers/PBFeatureViewController.h</string>
			<key>sourceTree</key>
			<string>&lt;group&gt;</string>
		</dict>
		<key>8F0AAA3D1A0BAFCF0083497F</key>
		<dict>
			<key>fileEncoding</key>
			<string>4</string>
			<key>isa</key>
			<string>PBXFileReference</string>
			<key>lastKnownFileType</key>
			<string>sourcecode.c.objc</string>
			<key>name</key>
			<string>PBFeatureViewController.m</string>
			<key>path</key>
			<string>Controllers/PBFeatureViewController.m</string>
			<key>sourceTree</key>
			<string>&lt;group&gt;</string>
		</dict>
		<key>8F0AAA3E1A0BAFCF0083497F</key>
		<dict>
			<key>fileRef</key>
			<string>8F0AAA3D1A0BAFCF0083497F</string>
			<key>isa</key>
			<string>PBXBuildFile</string>
		</dict>
		<key>8F0AAA3F1A0BAFEF0083497F</key>
		<dict>
			<key>fileEncoding</key>
			<string>4</string>
			<key>isa</key>
			<string>PBXFileReference</string>
			<key>lastKnownFileType</key>
			<string>sourcecode.c.h</string>
			<key>name</key>
			<string>PBSubscribedViewController.h</string>
			<key>path</key>
			<string>Controllers/PBSubscribedViewController.h</string>
			<key>sourceTree</key>
			<string>&lt;group&gt;</string>
		</dict>
		<key>8F0AAA401A0BAFEF0083497F</key>
		<dict>
			<key>fileEncoding</key>
			<string>4</string>
			<key>isa</key>
			<string>PBXFileReference</string>
			<key>lastKnownFileType</key>
			<string>sourcecode.c.objc</string>
			<key>name</key>
			<string>PBSubscribedViewController.m</string>
			<key>path</key>
			<string>Controllers/PBSubscribedViewController.m</string>
			<key>sourceTree</key>
			<string>&lt;group&gt;</string>
		</dict>
		<key>8F0AAA411A0BAFEF0083497F</key>
		<dict>
			<key>fileRef</key>
			<string>8F0AAA401A0BAFEF0083497F</string>
			<key>isa</key>
			<string>PBXBuildFile</string>
		</dict>
		<key>8F0AAA421A0BB0470083497F</key>
		<dict>
			<key>fileEncoding</key>
			<string>4</string>
			<key>isa</key>
			<string>PBXFileReference</string>
			<key>lastKnownFileType</key>
			<string>sourcecode.c.h</string>
			<key>name</key>
			<string>PBObject.h</string>
			<key>path</key>
			<string>Models/PBObject.h</string>
			<key>sourceTree</key>
			<string>&lt;group&gt;</string>
		</dict>
		<key>8F0AAA431A0BB0470083497F</key>
		<dict>
			<key>fileEncoding</key>
			<string>4</string>
			<key>isa</key>
			<string>PBXFileReference</string>
			<key>lastKnownFileType</key>
			<string>sourcecode.c.objc</string>
			<key>name</key>
			<string>PBObject.m</string>
			<key>path</key>
			<string>Models/PBObject.m</string>
			<key>sourceTree</key>
			<string>&lt;group&gt;</string>
		</dict>
		<key>8F0AAA441A0BB0470083497F</key>
		<dict>
			<key>fileRef</key>
			<string>8F0AAA431A0BB0470083497F</string>
			<key>isa</key>
			<string>PBXBuildFile</string>
		</dict>
		<key>8F0AAA451A0BB0CA0083497F</key>
		<dict>
			<key>fileEncoding</key>
			<string>4</string>
			<key>isa</key>
			<string>PBXFileReference</string>
			<key>lastKnownFileType</key>
			<string>sourcecode.c.h</string>
			<key>name</key>
			<string>PBIndexObject.h</string>
			<key>path</key>
			<string>Models/PBIndexObject.h</string>
			<key>sourceTree</key>
			<string>&lt;group&gt;</string>
		</dict>
		<key>8F0AAA461A0BB0CA0083497F</key>
		<dict>
			<key>fileEncoding</key>
			<string>4</string>
			<key>isa</key>
			<string>PBXFileReference</string>
			<key>lastKnownFileType</key>
			<string>sourcecode.c.objc</string>
			<key>name</key>
			<string>PBIndexObject.m</string>
			<key>path</key>
			<string>Models/PBIndexObject.m</string>
			<key>sourceTree</key>
			<string>&lt;group&gt;</string>
		</dict>
		<key>8F0AAA471A0BB0CA0083497F</key>
		<dict>
			<key>fileRef</key>
			<string>8F0AAA461A0BB0CA0083497F</string>
			<key>isa</key>
			<string>PBXBuildFile</string>
		</dict>
		<key>8F0AAA4B1A0BBA160083497F</key>
		<dict>
			<key>fileEncoding</key>
			<string>4</string>
			<key>isa</key>
			<string>PBXFileReference</string>
			<key>lastKnownFileType</key>
			<string>sourcecode.c.h</string>
			<key>name</key>
			<string>PBManager.h</string>
			<key>path</key>
			<string>Models/PBManager.h</string>
			<key>sourceTree</key>
			<string>&lt;group&gt;</string>
		</dict>
		<key>8F0AAA4C1A0BBA160083497F</key>
		<dict>
			<key>fileEncoding</key>
			<string>4</string>
			<key>isa</key>
			<string>PBXFileReference</string>
			<key>lastKnownFileType</key>
			<string>sourcecode.c.objc</string>
			<key>name</key>
			<string>PBManager.m</string>
			<key>path</key>
			<string>Models/PBManager.m</string>
			<key>sourceTree</key>
			<string>&lt;group&gt;</string>
		</dict>
		<key>8F0AAA4D1A0BBA160083497F</key>
		<dict>
			<key>fileRef</key>
			<string>8F0AAA4C1A0BBA160083497F</string>
			<key>isa</key>
			<string>PBXBuildFile</string>
		</dict>
		<key>8F0AAA4E1A0BBC2A0083497F</key>
		<dict>
			<key>isa</key>
			<string>PBXFileReference</string>
			<key>lastKnownFileType</key>
			<string>sourcecode.c.h</string>
			<key>path</key>
			<string>PBConstants.h</string>
			<key>sourceTree</key>
			<string>&lt;group&gt;</string>
		</dict>
		<key>9E9858E500570470DB6AAD04</key>
		<dict>
			<key>includeInIndex</key>
			<string>1</string>
			<key>isa</key>
			<string>PBXFileReference</string>
			<key>lastKnownFileType</key>
			<string>text.xcconfig</string>
			<key>name</key>
			<string>Pods.debug.xcconfig</string>
			<key>path</key>
			<string>Pods/Target Support Files/Pods/Pods.debug.xcconfig</string>
			<key>sourceTree</key>
			<string>&lt;group&gt;</string>
		</dict>
		<key>CE41836FBDE3808E26FEF3EC</key>
		<dict>
			<key>fileRef</key>
			<string>02048724735E3D2A0E82B42D</string>
			<key>isa</key>
			<string>PBXBuildFile</string>
		</dict>
		<key>D0B2525DC19C8FF41F74C64A</key>
		<dict>
			<key>buildActionMask</key>
			<string>2147483647</string>
			<key>files</key>
			<array/>
			<key>inputPaths</key>
			<array/>
			<key>isa</key>
			<string>PBXShellScriptBuildPhase</string>
			<key>name</key>
			<string>Check Pods Manifest.lock</string>
			<key>outputPaths</key>
			<array/>
			<key>runOnlyForDeploymentPostprocessing</key>
			<string>0</string>
			<key>shellPath</key>
			<string>/bin/sh</string>
			<key>shellScript</key>
			<string>diff "${PODS_ROOT}/../Podfile.lock" "${PODS_ROOT}/Manifest.lock" &gt; /dev/null
if [[ $? != 0 ]] ; then
    cat &lt;&lt; EOM
error: The sandbox is not in sync with the Podfile.lock. Run 'pod install' or update your CocoaPods installation.
EOM
    exit 1
fi
</string>
			<key>showEnvVarsInLog</key>
			<string>0</string>
		</dict>
		<key>E4434A8B42CFBC519EBEE8ED</key>
		<dict>
			<key>children</key>
			<array>
				<string>02048724735E3D2A0E82B42D</string>
			</array>
			<key>isa</key>
			<string>PBXGroup</string>
			<key>name</key>
			<string>Frameworks</string>
			<key>sourceTree</key>
			<string>&lt;group&gt;</string>
		</dict>
	</dict>
	<key>rootObject</key>
	<string>8F0AAA001A0BA18F0083497F</string>
</dict>
</plist>
